// !$*UTF8*$!
{
	archiveVersion = 1;
	classes = {
	};
	objectVersion = 46;
	objects = {

/* Begin PBXBuildFile section */
		387B41A91D65C14B005643F8 /* IMPObject.m in Sources */ = {isa = PBXBuildFile; fileRef = 387B41A81D65C14B005643F8 /* IMPObject.m */; };
		66F6DB4F1B97019F0074597C /* String.m in Sources */ = {isa = PBXBuildFile; fileRef = 66F6DB4E1B97019F0074597C /* String.m */; };
		66F717931B91B53C00DDFAFD /* main.m in Sources */ = {isa = PBXBuildFile; fileRef = 66F717921B91B53C00DDFAFD /* main.m */; };
		66F7179B1B91B60600DDFAFD /* Block.m in Sources */ = {isa = PBXBuildFile; fileRef = 66F7179A1B91B60600DDFAFD /* Block.m */; };
		66F9A6A81BA67D94000B180C /* BasicDataType.m in Sources */ = {isa = PBXBuildFile; fileRef = 66F9A6A71BA67D94000B180C /* BasicDataType.m */; };
		66F9A6AB1BA6B424000B180C /* NSAssertUsage.m in Sources */ = {isa = PBXBuildFile; fileRef = 66F9A6AA1BA6B424000B180C /* NSAssertUsage.m */; };
		66F9A6B11BA7C0B3000B180C /* Macro.m in Sources */ = {isa = PBXBuildFile; fileRef = 66F9A6B01BA7C0B3000B180C /* Macro.m */; };
/* End PBXBuildFile section */

/* Begin PBXCopyFilesBuildPhase section */
		66F7178D1B91B53C00DDFAFD /* CopyFiles */ = {
			isa = PBXCopyFilesBuildPhase;
			buildActionMask = 2147483647;
			dstPath = /usr/share/man/man1/;
			dstSubfolderSpec = 0;
			files = (
			);
			runOnlyForDeploymentPostprocessing = 1;
		};
/* End PBXCopyFilesBuildPhase section */

/* Begin PBXFileReference section */
		387B41A71D65C14B005643F8 /* IMPObject.h */ = {isa = PBXFileReference; fileEncoding = 4; lastKnownFileType = sourcecode.c.h; path = IMPObject.h; sourceTree = "<group>"; };
		387B41A81D65C14B005643F8 /* IMPObject.m */ = {isa = PBXFileReference; fileEncoding = 4; lastKnownFileType = sourcecode.c.objc; path = IMPObject.m; sourceTree = "<group>"; };
		66F6DB4D1B97019F0074597C /* String.h */ = {isa = PBXFileReference; fileEncoding = 4; lastKnownFileType = sourcecode.c.h; path = String.h; sourceTree = "<group>"; };
		66F6DB4E1B97019F0074597C /* String.m */ = {isa = PBXFileReference; fileEncoding = 4; lastKnownFileType = sourcecode.c.objc; path = String.m; sourceTree = "<group>"; };
		66F7178F1B91B53C00DDFAFD /* OC_Basic */ = {isa = PBXFileReference; explicitFileType = "compiled.mach-o.executable"; includeInIndex = 0; path = OC_Basic; sourceTree = BUILT_PRODUCTS_DIR; };
		66F717921B91B53C00DDFAFD /* main.m */ = {isa = PBXFileReference; lastKnownFileType = sourcecode.c.objc; path = main.m; sourceTree = "<group>"; };
		66F717991B91B60600DDFAFD /* Block.h */ = {isa = PBXFileReference; fileEncoding = 4; lastKnownFileType = sourcecode.c.h; path = Block.h; sourceTree = "<group>"; };
		66F7179A1B91B60600DDFAFD /* Block.m */ = {isa = PBXFileReference; fileEncoding = 4; lastKnownFileType = sourcecode.c.objc; path = Block.m; sourceTree = "<group>"; };
		66F9A6A61BA67D94000B180C /* BasicDataType.h */ = {isa = PBXFileReference; fileEncoding = 4; lastKnownFileType = sourcecode.c.h; path = BasicDataType.h; sourceTree = "<group>"; };
		66F9A6A71BA67D94000B180C /* BasicDataType.m */ = {isa = PBXFileReference; fileEncoding = 4; lastKnownFileType = sourcecode.c.objc; path = BasicDataType.m; sourceTree = "<group>"; };
		66F9A6A91BA6B424000B180C /* NSAssertUsage.h */ = {isa = PBXFileReference; fileEncoding = 4; lastKnownFileType = sourcecode.c.h; path = NSAssertUsage.h; sourceTree = "<group>"; };
		66F9A6AA1BA6B424000B180C /* NSAssertUsage.m */ = {isa = PBXFileReference; fileEncoding = 4; lastKnownFileType = sourcecode.c.objc; path = NSAssertUsage.m; sourceTree = "<group>"; };
		66F9A6AF1BA7C0B3000B180C /* Macro.h */ = {isa = PBXFileReference; fileEncoding = 4; lastKnownFileType = sourcecode.c.h; path = Macro.h; sourceTree = "<group>"; };
		66F9A6B01BA7C0B3000B180C /* Macro.m */ = {isa = PBXFileReference; fileEncoding = 4; lastKnownFileType = sourcecode.c.objc; path = Macro.m; sourceTree = "<group>"; };
/* End PBXFileReference section */

/* Begin PBXFrameworksBuildPhase section */
		66F7178C1B91B53C00DDFAFD /* Frameworks */ = {
			isa = PBXFrameworksBuildPhase;
			buildActionMask = 2147483647;
			files = (
			);
			runOnlyForDeploymentPostprocessing = 0;
		};
/* End PBXFrameworksBuildPhase section */

/* Begin PBXGroup section */
		66F717861B91B53C00DDFAFD = {
			isa = PBXGroup;
			children = (
				66F717911B91B53C00DDFAFD /* OC_Basic */,
				66F717901B91B53C00DDFAFD /* Products */,
			);
			sourceTree = "<group>";
		};
		66F717901B91B53C00DDFAFD /* Products */ = {
			isa = PBXGroup;
			children = (
				66F7178F1B91B53C00DDFAFD /* OC_Basic */,
			);
			name = Products;
			sourceTree = "<group>";
		};
		66F717911B91B53C00DDFAFD /* OC_Basic */ = {
			isa = PBXGroup;
			children = (
				66F717921B91B53C00DDFAFD /* main.m */,
				66F717991B91B60600DDFAFD /* Block.h */,
				66F7179A1B91B60600DDFAFD /* Block.m */,
				66F6DB4D1B97019F0074597C /* String.h */,
				66F6DB4E1B97019F0074597C /* String.m */,
				66F9A6A61BA67D94000B180C /* BasicDataType.h */,
				66F9A6A71BA67D94000B180C /* BasicDataType.m */,
				66F9A6A91BA6B424000B180C /* NSAssertUsage.h */,
				66F9A6AA1BA6B424000B180C /* NSAssertUsage.m */,
				66F9A6AF1BA7C0B3000B180C /* Macro.h */,
				66F9A6B01BA7C0B3000B180C /* Macro.m */,
				387B41A71D65C14B005643F8 /* IMPObject.h */,
				387B41A81D65C14B005643F8 /* IMPObject.m */,
			);
			path = OC_Basic;
			sourceTree = "<group>";
		};
/* End PBXGroup section */

/* Begin PBXNativeTarget section */
		66F7178E1B91B53C00DDFAFD /* OC_Basic */ = {
			isa = PBXNativeTarget;
			buildConfigurationList = 66F717961B91B53C00DDFAFD /* Build configuration list for PBXNativeTarget "OC_Basic" */;
			buildPhases = (
				66F7178B1B91B53C00DDFAFD /* Sources */,
				66F7178C1B91B53C00DDFAFD /* Frameworks */,
				66F7178D1B91B53C00DDFAFD /* CopyFiles */,
			);
			buildRules = (
			);
			dependencies = (
			);
			name = OC_Basic;
			productName = OC_Basic;
			productReference = 66F7178F1B91B53C00DDFAFD /* OC_Basic */;
			productType = "com.apple.product-type.tool";
		};
/* End PBXNativeTarget section */

/* Begin PBXProject section */
		66F717871B91B53C00DDFAFD /* Project object */ = {
			isa = PBXProject;
			attributes = {
				LastUpgradeCheck = 0640;
				ORGANIZATIONNAME = YunTu;
				TargetAttributes = {
					66F7178E1B91B53C00DDFAFD = {
						CreatedOnToolsVersion = 6.4;
					};
				};
			};
			buildConfigurationList = 66F7178A1B91B53C00DDFAFD /* Build configuration list for PBXProject "OC_Basic" */;
			compatibilityVersion = "Xcode 3.2";
			developmentRegion = English;
			hasScannedForEncodings = 0;
			knownRegions = (
				en,
			);
			mainGroup = 66F717861B91B53C00DDFAFD;
			productRefGroup = 66F717901B91B53C00DDFAFD /* Products */;
			projectDirPath = "";
			projectRoot = "";
			targets = (
				66F7178E1B91B53C00DDFAFD /* OC_Basic */,
			);
		};
/* End PBXProject section */

/* Begin PBXSourcesBuildPhase section */
		66F7178B1B91B53C00DDFAFD /* Sources */ = {
			isa = PBXSourcesBuildPhase;
			buildActionMask = 2147483647;
			files = (
				66F9A6B11BA7C0B3000B180C /* Macro.m in Sources */,
				66F9A6A81BA67D94000B180C /* BasicDataType.m in Sources */,
				387B41A91D65C14B005643F8 /* IMPObject.m in Sources */,
				66F6DB4F1B97019F0074597C /* String.m in Sources */,
				66F717931B91B53C00DDFAFD /* main.m in Sources */,
				66F9A6AB1BA6B424000B180C /* NSAssertUsage.m in Sources */,
				66F7179B1B91B60600DDFAFD /* Block.m in Sources */,
			);
			runOnlyForDeploymentPostprocessing = 0;
		};
/* End PBXSourcesBuildPhase section */

/* Begin XCBuildConfiguration section */
		66F717941B91B53C00DDFAFD /* Debug */ = {
			isa = XCBuildConfiguration;
			buildSettings = {
				ALWAYS_SEARCH_USER_PATHS = NO;
				CLANG_CXX_LANGUAGE_STANDARD = "gnu++0x";
				CLANG_CXX_LIBRARY = "libc++";
				CLANG_ENABLE_MODULES = YES;
				CLANG_ENABLE_OBJC_ARC = YES;
				CLANG_WARN_BOOL_CONVERSION = YES;
				CLANG_WARN_CONSTANT_CONVERSION = YES;
				CLANG_WARN_DIRECT_OBJC_ISA_USAGE = YES_ERROR;
				CLANG_WARN_EMPTY_BODY = YES;
				CLANG_WARN_ENUM_CONVERSION = YES;
				CLANG_WARN_INT_CONVERSION = YES;
				CLANG_WARN_OBJC_ROOT_CLASS = YES_ERROR;
				CLANG_WARN_UNREACHABLE_CODE = YES;
				CLANG_WARN__DUPLICATE_METHOD_MATCH = YES;
				COPY_PHASE_STRIP = NO;
				DEBUG_INFORMATION_FORMAT = dwarf;
				ENABLE_STRICT_OBJC_MSGSEND = YES;
				GCC_C_LANGUAGE_STANDARD = gnu99;
				GCC_DYNAMIC_NO_PIC = NO;
				GCC_NO_COMMON_BLOCKS = YES;
				GCC_OPTIMIZATION_LEVEL = 0;
				GCC_PREPROCESSOR_DEFINITIONS = (
					"DEBUG=1",
					"$(inherited)",
				);
				GCC_SYMBOLS_PRIVATE_EXTERN = NO;
				GCC_WARN_64_TO_32_BIT_CONVERSION = YES;
				GCC_WARN_ABOUT_RETURN_TYPE = YES_ERROR;
				GCC_WARN_UNDECLARED_SELECTOR = YES;
				GCC_WARN_UNINITIALIZED_AUTOS = YES_AGGRESSIVE;
				GCC_WARN_UNUSED_FUNCTION = YES;
				GCC_WARN_UNUSED_VARIABLE = YES;
				MACOSX_DEPLOYMENT_TARGET = 10.10;
				MTL_ENABLE_DEBUG_INFO = YES;
				ONLY_ACTIVE_ARCH = YES;
				SDKROOT = macosx;
			};
			name = Debug;
		};
		66F717951B91B53C00DDFAFD /* Release */ = {
			isa = XCBuildConfiguration;
			buildSettings = {
				ALWAYS_SEARCH_USER_PATHS = NO;
				CLANG_CXX_LANGUAGE_STANDARD = "gnu++0x";
				CLANG_CXX_LIBRARY = "libc++";
				CLANG_ENABLE_MODULES = YES;
				CLANG_ENABLE_OBJC_ARC = YES;
				CLANG_WARN_BOOL_CONVERSION = YES;
				CLANG_WARN_CONSTANT_CONVERSION = YES;
				CLANG_WARN_DIRECT_OBJC_ISA_USAGE = YES_ERROR;
				CLANG_WARN_EMPTY_BODY = YES;
				CLANG_WARN_ENUM_CONVERSION = YES;
				CLANG_WARN_INT_CONVERSION = YES;
				CLANG_WARN_OBJC_ROOT_CLASS = YES_ERROR;
				CLANG_WARN_UNREACHABLE_CODE = YES;
				CLANG_WARN__DUPLICATE_METHOD_MATCH = YES;
				COPY_PHASE_STRIP = NO;
				DEBUG_INFORMATION_FORMAT = "dwarf-with-dsym";
				ENABLE_NS_ASSERTIONS = NO;
				ENABLE_STRICT_OBJC_MSGSEND = YES;
				GCC_C_LANGUAGE_STANDARD = gnu99;
				GCC_NO_COMMON_BLOCKS = YES;
				GCC_WARN_64_TO_32_BIT_CONVERSION = YES;
				GCC_WARN_ABOUT_RETURN_TYPE = YES_ERROR;
				GCC_WARN_UNDECLARED_SELECTOR = YES;
				GCC_WARN_UNINITIALIZED_AUTOS = YES_AGGRESSIVE;
				GCC_WARN_UNUSED_FUNCTION = YES;
				GCC_WARN_UNUSED_VARIABLE = YES;
				MACOSX_DEPLOYMENT_TARGET = 10.10;
				MTL_ENABLE_DEBUG_INFO = NO;
				SDKROOT = macosx;
			};
			name = Release;
		};
		66F717971B91B53C00DDFAFD /* Debug */ = {
			isa = XCBuildConfiguration;
			buildSettings = {
				ENABLE_STRICT_OBJC_MSGSEND = NO;
				PRODUCT_NAME = "$(TARGET_NAME)";
			};
			name = Debug;
		};
		66F717981B91B53C00DDFAFD /* Release */ = {
			isa = XCBuildConfiguration;
			buildSettings = {
				ENABLE_STRICT_OBJC_MSGSEND = NO;
				PRODUCT_NAME = "$(TARGET_NAME)";
			};
			name = Release;
		};
/* End XCBuildConfiguration section */

/* Begin XCConfigurationList section */
		66F7178A1B91B53C00DDFAFD /* Build configuration list for PBXProject "OC_Basic" */ = {
			isa = XCConfigurationList;
			buildConfigurations = (
				66F717941B91B53C00DDFAFD /* Debug */,
				66F717951B91B53C00DDFAFD /* Release */,
			);
			defaultConfigurationIsVisible = 0;
			defaultConfigurationName = Release;
		};
		66F717961B91B53C00DDFAFD /* Build configuration list for PBXNativeTarget "OC_Basic" */ = {
			isa = XCConfigurationList;
			buildConfigurations = (
				66F717971B91B53C00DDFAFD /* Debug */,
				66F717981B91B53C00DDFAFD /* Release */,
			);
			defaultConfigurationIsVisible = 0;
			defaultConfigurationName = Release;
		};
/* End XCConfigurationList section */
	};
	rootObject = 66F717871B91B53C00DDFAFD /* Project object */;
}
